// !$*UTF8*$!
{
	archiveVersion = 1;
	classes = {
	};
	objectVersion = 50;
	objects = {

/* Begin PBXBuildFile section */
		213A669123E88CFD00B018A3 /* AppDelegate.swift in Sources */ = {isa = PBXBuildFile; fileRef = 213A669023E88CFD00B018A3 /* AppDelegate.swift */; };
		213A669323E88CFD00B018A3 /* SceneDelegate.swift in Sources */ = {isa = PBXBuildFile; fileRef = 213A669223E88CFD00B018A3 /* SceneDelegate.swift */; };
		213A669523E88CFD00B018A3 /* ViewController.swift in Sources */ = {isa = PBXBuildFile; fileRef = 213A669423E88CFD00B018A3 /* ViewController.swift */; };
		213A669823E88CFD00B018A3 /* Main.storyboard in Resources */ = {isa = PBXBuildFile; fileRef = 213A669623E88CFD00B018A3 /* Main.storyboard */; };
		213A669A23E88CFF00B018A3 /* Assets.xcassets in Resources */ = {isa = PBXBuildFile; fileRef = 213A669923E88CFF00B018A3 /* Assets.xcassets */; };
		213A669D23E88CFF00B018A3 /* LaunchScreen.storyboard in Resources */ = {isa = PBXBuildFile; fileRef = 213A669B23E88CFF00B018A3 /* LaunchScreen.storyboard */; };
/* End PBXBuildFile section */

/* Begin PBXFileReference section */
		213A668D23E88CFD00B018A3 /* ShoopingList.app */ = {isa = PBXFileReference; explicitFileType = wrapper.application; includeInIndex = 0; path = ShoopingList.app; sourceTree = BUILT_PRODUCTS_DIR; };
		213A669023E88CFD00B018A3 /* AppDelegate.swift */ = {isa = PBXFileReference; lastKnownFileType = sourcecode.swift; path = AppDelegate.swift; sourceTree = "<group>"; };
		213A669223E88CFD00B018A3 /* SceneDelegate.swift */ = {isa = PBXFileReference; lastKnownFileType = sourcecode.swift; path = SceneDelegate.swift; sourceTree = "<group>"; };
		213A669423E88CFD00B018A3 /* ViewController.swift */ = {isa = PBXFileReference; lastKnownFileType = sourcecode.swift; path = ViewController.swift; sourceTree = "<group>"; };
		213A669723E88CFD00B018A3 /* Base */ = {isa = PBXFileReference; lastKnownFileType = file.storyboard; name = Base; path = Base.lproj/Main.storyboard; sourceTree = "<group>"; };
		213A669923E88CFF00B018A3 /* Assets.xcassets */ = {isa = PBXFileReference; lastKnownFileType = folder.assetcatalog; path = Assets.xcassets; sourceTree = "<group>"; };
		213A669C23E88CFF00B018A3 /* Base */ = {isa = PBXFileReference; lastKnownFileType = file.storyboard; name = Base; path = Base.lproj/LaunchScreen.storyboard; sourceTree = "<group>"; };
		213A669E23E88CFF00B018A3 /* Info.plist */ = {isa = PBXFileReference; lastKnownFileType = text.plist.xml; path = Info.plist; sourceTree = "<group>"; };
/* End PBXFileReference section */

/* Begin PBXFrameworksBuildPhase section */
		213A668A23E88CFD00B018A3 /* Frameworks */ = {
			isa = PBXFrameworksBuildPhase;
			buildActionMask = 2147483647;
			files = (
			);
			runOnlyForDeploymentPostprocessing = 0;
		};
/* End PBXFrameworksBuildPhase section */

/* Begin PBXGroup section */
		213A668423E88CFD00B018A3 = {
			isa = PBXGroup;
			children = (
				213A668F23E88CFD00B018A3 /* ShoopingList */,
				213A668E23E88CFD00B018A3 /* Products */,
			);
			sourceTree = "<group>";
		};
		213A668E23E88CFD00B018A3 /* Products */ = {
			isa = PBXGroup;
			children = (
				213A668D23E88CFD00B018A3 /* ShoopingList.app */,
			);
			name = Products;
			sourceTree = "<group>";
		};
		213A668F23E88CFD00B018A3 /* ShoopingList */ = {
			isa = PBXGroup;
			children = (
				213A669023E88CFD00B018A3 /* AppDelegate.swift */,
				213A669223E88CFD00B018A3 /* SceneDelegate.swift */,
				213A669423E88CFD00B018A3 /* ViewController.swift */,
				213A669623E88CFD00B018A3 /* Main.storyboard */,
				213A669923E88CFF00B018A3 /* Assets.xcassets */,
				213A669B23E88CFF00B018A3 /* LaunchScreen.storyboard */,
				213A669E23E88CFF00B018A3 /* Info.plist */,
			);
			path = ShoopingList;
			sourceTree = "<group>";
		};
/* End PBXGroup section */

/* Begin PBXNativeTarget section */
		213A668C23E88CFD00B018A3 /* ShoopingList */ = {
			isa = PBXNativeTarget;
			buildConfigurationList = 213A66A123E88CFF00B018A3 /* Build configuration list for PBXNativeTarget "ShoopingList" */;
			buildPhases = (
				213A668923E88CFD00B018A3 /* Sources */,
				213A668A23E88CFD00B018A3 /* Frameworks */,
				213A668B23E88CFD00B018A3 /* Resources */,
			);
			buildRules = (
			);
			dependencies = (
			);
			name = ShoopingList;
			productName = ShoopingList;
			productReference = 213A668D23E88CFD00B018A3 /* ShoopingList.app */;
			productType = "com.apple.product-type.application";
		};
/* End PBXNativeTarget section */

/* Begin PBXProject section */
		213A668523E88CFD00B018A3 /* Project object */ = {
			isa = PBXProject;
			attributes = {
				LastSwiftUpdateCheck = 1130;
				LastUpgradeCheck = 1130;
				ORGANIZATIONNAME = "John Hersey High School";
				TargetAttributes = {
					213A668C23E88CFD00B018A3 = {
						CreatedOnToolsVersion = 11.3;
					};
				};
			};
			buildConfigurationList = 213A668823E88CFD00B018A3 /* Build configuration list for PBXProject "ShoopingList" */;
			compatibilityVersion = "Xcode 9.3";
			developmentRegion = en;
			hasScannedForEncodings = 0;
			knownRegions = (
				en,
				Base,
			);
			mainGroup = 213A668423E88CFD00B018A3;
			productRefGroup = 213A668E23E88CFD00B018A3 /* Products */;
			projectDirPath = "";
			projectRoot = "";
			targets = (
				213A668C23E88CFD00B018A3 /* ShoopingList */,
			);
		};
/* End PBXProject section */

/* Begin PBXResourcesBuildPhase section */
		213A668B23E88CFD00B018A3 /* Resources */ = {
			isa = PBXResourcesBuildPhase;
			buildActionMask = 2147483647;
			files = (
				213A669D23E88CFF00B018A3 /* LaunchScreen.storyboard in Resources */,
				213A669A23E88CFF00B018A3 /* Assets.xcassets in Resources */,
				213A669823E88CFD00B018A3 /* Main.storyboard in Resources */,
			);
			runOnlyForDeploymentPostprocessing = 0;
		};
/* End PBXResourcesBuildPhase section */

/* Begin PBXSourcesBuildPhase section */
		213A668923E88CFD00B018A3 /* Sources */ = {
			isa = PBXSourcesBuildPhase;
			buildActionMask = 2147483647;
			files = (
				213A669523E88CFD00B018A3 /* ViewController.swift in Sources */,
				213A669123E88CFD00B018A3 /* AppDelegate.swift in Sources */,
				213A669323E88CFD00B018A3 /* SceneDelegate.swift in Sources */,
			);
			runOnlyForDeploymentPostprocessing = 0;
		};
/* End PBXSourcesBuildPhase section */

/* Begin PBXVariantGroup section */
		213A669623E88CFD00B018A3 /* Main.storyboard */ = {
			isa = PBXVariantGroup;
			children = (
				213A669723E88CFD00B018A3 /* Base */,
			);
			name = Main.storyboard;
			sourceTree = "<group>";
		};
		213A669B23E88CFF00B018A3 /* LaunchScreen.storyboard */ = {
			isa = PBXVariantGroup;
			children = (
				213A669C23E88CFF00B018A3 /* Base */,
			);
			name = LaunchScreen.storyboard;
			sourceTree = "<group>";
		};
/* End PBXVariantGroup section */

/* Begin XCBuildConfiguration section */
		213A669F23E88CFF00B018A3 /* Debug */ = {
			isa = XCBuildConfiguration;
			buildSettings = {
				ALWAYS_SEARCH_USER_PATHS = NO;
				CLANG_ANALYZER_NONNULL = YES;
				CLANG_ANALYZER_NUMBER_OBJECT_CONVERSION = YES_AGGRESSIVE;
				CLANG_CXX_LANGUAGE_STANDARD = "gnu++14";
				CLANG_CXX_LIBRARY = "libc++";
				CLANG_ENABLE_MODULES = YES;
				CLANG_ENABLE_OBJC_ARC = YES;
				CLANG_ENABLE_OBJC_WEAK = YES;
				CLANG_WARN_BLOCK_CAPTURE_AUTORELEASING = YES;
				CLANG_WARN_BOOL_CONVERSION = YES;
				CLANG_WARN_COMMA = YES;
				CLANG_WARN_CONSTANT_CONVERSION = YES;
				CLANG_WARN_DEPRECATED_OBJC_IMPLEMENTATIONS = YES;
				CLANG_WARN_DIRECT_OBJC_ISA_USAGE = YES_ERROR;
				CLANG_WARN_DOCUMENTATION_COMMENTS = YES;
				CLANG_WARN_EMPTY_BODY = YES;
				CLANG_WARN_ENUM_CONVERSION = YES;
				CLANG_WARN_INFINITE_RECURSION = YES;
				CLANG_WARN_INT_CONVERSION = YES;
				CLANG_WARN_NON_LITERAL_NULL_CONVERSION = YES;
				CLANG_WARN_OBJC_IMPLICIT_RETAIN_SELF = YES;
				CLANG_WARN_OBJC_LITERAL_CONVERSION = YES;
				CLANG_WARN_OBJC_ROOT_CLASS = YES_ERROR;
				CLANG_WARN_RANGE_LOOP_ANALYSIS = YES;
				CLANG_WARN_STRICT_PROTOTYPES = YES;
				CLANG_WARN_SUSPICIOUS_MOVE = YES;
				CLANG_WARN_UNGUARDED_AVAILABILITY = YES_AGGRESSIVE;
				CLANG_WARN_UNREACHABLE_CODE = YES;
				CLANG_WARN__DUPLICATE_METHOD_MATCH = YES;
				COPY_PHASE_STRIP = NO;
				DEBUG_INFORMATION_FORMAT = dwarf;
				ENABLE_STRICT_OBJC_MSGSEND = YES;
				ENABLE_TESTABILITY = YES;
				GCC_C_LANGUAGE_STANDARD = gnu11;
				GCC_DYNAMIC_NO_PIC = NO;
				GCC_NO_COMMON_BLOCKS = YES;
				GCC_OPTIMIZATION_LEVEL = 0;
				GCC_PREPROCESSOR_DEFINITIONS = (
					"DEBUG=1",
					"$(inherited)",
				);
				GCC_WARN_64_TO_32_BIT_CONVERSION = YES;
				GCC_WARN_ABOUT_RETURN_TYPE = YES_ERROR;
				GCC_WARN_UNDECLARED_SELECTOR = YES;
				GCC_WARN_UNINITIALIZED_AUTOS = YES_AGGRESSIVE;
				GCC_WARN_UNUSED_FUNCTION = YES;
				GCC_WARN_UNUSED_VARIABLE = YES;
				IPHONEOS_DEPLOYMENT_TARGET = 13.2;
				MTL_ENABLE_DEBUG_INFO = INCLUDE_SOURCE;
				MTL_FAST_MATH = YES;
				ONLY_ACTIVE_ARCH = YES;
				SDKROOT = iphoneos;
				SWIFT_ACTIVE_COMPILATION_CONDITIONS = DEBUG;
				SWIFT_OPTIMIZATION_LEVEL = "-Onone";
			};
			name = Debug;
		};
		213A66A023E88CFF00B018A3 /* Release */ = {
			isa = XCBuildConfiguration;
			buildSettings = {
				ALWAYS_SEARCH_USER_PATHS = NO;
				CLANG_ANALYZER_NONNULL = YES;
				CLANG_ANALYZER_NUMBER_OBJECT_CONVERSION = YES_AGGRESSIVE;
				CLANG_CXX_LANGUAGE_STANDARD = "gnu++14";
				CLANG_CXX_LIBRARY = "libc++";
				CLANG_ENABLE_MODULES = YES;
				CLANG_ENABLE_OBJC_ARC = YES;
				CLANG_ENABLE_OBJC_WEAK = YES;
				CLANG_WARN_BLOCK_CAPTURE_AUTORELEASING = YES;
				CLANG_WARN_BOOL_CONVERSION = YES;
				CLANG_WARN_COMMA = YES;
				CLANG_WARN_CONSTANT_CONVERSION = YES;
				CLANG_WARN_DEPRECATED_OBJC_IMPLEMENTATIONS = YES;
				CLANG_WARN_DIRECT_OBJC_ISA_USAGE = YES_ERROR;
				CLANG_WARN_DOCUMENTATION_COMMENTS = YES;
				CLANG_WARN_EMPTY_BODY = YES;
				CLANG_WARN_ENUM_CONVERSION = YES;
				CLANG_WARN_INFINITE_RECURSION = YES;
				CLANG_WARN_INT_CONVERSION = YES;
				CLANG_WARN_NON_LITERAL_NULL_CONVERSION = YES;
				CLANG_WARN_OBJC_IMPLICIT_RETAIN_SELF = YES;
				CLANG_WARN_OBJC_LITERAL_CONVERSION = YES;
				CLANG_WARN_OBJC_ROOT_CLASS = YES_ERROR;
				CLANG_WARN_RANGE_LOOP_ANALYSIS = YES;
				CLANG_WARN_STRICT_PROTOTYPES = YES;
				CLANG_WARN_SUSPICIOUS_MOVE = YES;
				CLANG_WARN_UNGUARDED_AVAILABILITY = YES_AGGRESSIVE;
				CLANG_WARN_UNREACHABLE_CODE = YES;
				CLANG_WARN__DUPLICATE_METHOD_MATCH = YES;
				COPY_PHASE_STRIP = NO;
				DEBUG_INFORMATION_FORMAT = "dwarf-with-dsym";
				ENABLE_NS_ASSERTIONS = NO;
				ENABLE_STRICT_OBJC_MSGSEND = YES;
				GCC_C_LANGUAGE_STANDARD = gnu11;
				GCC_NO_COMMON_BLOCKS = YES;
				GCC_WARN_64_TO_32_BIT_CONVERSION = YES;
				GCC_WARN_ABOUT_RETURN_TYPE = YES_ERROR;
				GCC_WARN_UNDECLARED_SELECTOR = YES;
				GCC_WARN_UNINITIALIZED_AUTOS = YES_AGGRESSIVE;
				GCC_WARN_UNUSED_FUNCTION = YES;
				GCC_WARN_UNUSED_VARIABLE = YES;
				IPHONEOS_DEPLOYMENT_TARGET = 13.2;
				MTL_ENABLE_DEBUG_INFO = NO;
				MTL_FAST_MATH = YES;
				SDKROOT = iphoneos;
				SWIFT_COMPILATION_MODE = wholemodule;
				SWIFT_OPTIMIZATION_LEVEL = "-O";
				VALIDATE_PRODUCT = YES;
			};
			name = Release;
		};
		213A66A223E88CFF00B018A3 /* Debug */ = {
			isa = XCBuildConfiguration;
			buildSettings = {
				ASSETCATALOG_COMPILER_APPICON_NAME = AppIcon;
				CODE_SIGN_STYLE = Automatic;
				DEVELOPMENT_TEAM = 3C7SFSU7YM;
				INFOPLIST_FILE = ShoopingList/Info.plist;
				LD_RUNPATH_SEARCH_PATHS = (
					"$(inherited)",
					"@executable_path/Frameworks",
				);
				PRODUCT_BUNDLE_IDENTIFIER = org.d214.jhhs.620515.ShoopingList;
				PRODUCT_NAME = "$(TARGET_NAME)";
				SWIFT_VERSION = 5.0;
				TARGETED_DEVICE_FAMILY = "1,2";
			};
			name = Debug;
		};
		213A66A323E88CFF00B018A3 /* Release */ = {
			isa = XCBuildConfiguration;
			buildSettings = {
				ASSETCATALOG_COMPILER_APPICON_NAME = AppIcon;
				CODE_SIGN_STYLE = Automatic;
				DEVELOPMENT_TEAM = 3C7SFSU7YM;
				INFOPLIST_FILE = ShoopingList/Info.plist;
				LD_RUNPATH_SEARCH_PATHS = (
					"$(inherited)",
					"@executable_path/Frameworks",
				);
				PRODUCT_BUNDLE_IDENTIFIER = org.d214.jhhs.620515.ShoopingList;
				PRODUCT_NAME = "$(TARGET_NAME)";
				SWIFT_VERSION = 5.0;
				TARGETED_DEVICE_FAMILY = "1,2";
			};
			name = Release;
		};
/* End XCBuildConfiguration section */

/* Begin XCConfigurationList section */
		213A668823E88CFD00B018A3 /* Build configuration list for PBXProject "ShoopingList" */ = {
			isa = XCConfigurationList;
			buildConfigurations = (
				213A669F23E88CFF00B018A3 /* Debug */,
				213A66A023E88CFF00B018A3 /* Release */,
			);
			defaultConfigurationIsVisible = 0;
			defaultConfigurationName = Release;
		};
		213A66A123E88CFF00B018A3 /* Build configuration list for PBXNativeTarget "ShoopingList" */ = {
			isa = XCConfigurationList;
			buildConfigurations = (
				213A66A223E88CFF00B018A3 /* Debug */,
				213A66A323E88CFF00B018A3 /* Release */,
			);
			defaultConfigurationIsVisible = 0;
			defaultConfigurationName = Release;
		};
/* End XCConfigurationList section */
	};
	rootObject = 213A668523E88CFD00B018A3 /* Project object */;
}
